
Microsoft Visual Studio Solution File, Format Version 12.00
# Visual Studio 15
VisualStudioVersion = 15.0.27130.2024
MinimumVisualStudioVersion = 10.0.40219.1
Project("{FAE04EC0-301F-11D3-BF4B-00C04F79EFBC}") = "NAlgs4", "NAlgs4\NAlgs4.csproj", "{1FEC0523-05EB-4F54-8E88-1288D7184B9E}"
EndProject
Project("{FAE04EC0-301F-11D3-BF4B-00C04F79EFBC}") = "AlgsCmd", "AlgsCmd\AlgsCmd.csproj", "{2032261D-876A-4838-96FF-E89470F0E534}"
EndProject
Global
	GlobalSection(SolutionConfigurationPlatforms) = preSolution
		Debug|Any CPU = Debug|Any CPU
		Release|Any CPU = Release|Any CPU
	EndGlobalSection
	GlobalSection(ProjectConfigurationPlatforms) = postSolution
		{1FEC0523-05EB-4F54-8E88-1288D7184B9E}.Debug|Any CPU.ActiveCfg = Debug|Any CPU
		{1FEC0523-05EB-4F54-8E88-1288D7184B9E}.Debug|Any CPU.Build.0 = Debug|Any CPU
		{1FEC0523-05EB-4F54-8E88-1288D7184B9E}.Release|Any CPU.ActiveCfg = Release|Any CPU
		{1FEC0523-05EB-4F54-8E88-1288D7184B9E}.Release|Any CPU.Build.0 = Release|Any CPU
		{2032261D-876A-4838-96FF-E89470F0E534}.Debug|Any CPU.ActiveCfg = Debug|Any CPU
		{2032261D-876A-4838-96FF-E89470F0E534}.Debug|Any CPU.Build.0 = Debug|Any CPU
		{2032261D-876A-4838-96FF-E89470F0E534}.Release|Any CPU.ActiveCfg = Release|Any CPU
		{2032261D-876A-4838-96FF-E89470F0E534}.Release|Any CPU.Build.0 = Release|Any CPU
	EndGlobalSection
	GlobalSection(SolutionProperties) = preSolution
		HideSolutionNode = FALSE
	EndGlobalSection
	GlobalSection(ExtensibilityGlobals) = postSolution
		SolutionGuid = {29B22E24-34D5-4B4A-9A25-2630B9846410}
	EndGlobalSection
EndGlobal
